
Microsoft Visual Studio Solution File, Format Version 12.00
# Visual Studio 15
VisualStudioVersion = 15.0.28307.329
MinimumVisualStudioVersion = 10.0.40219.1
Project("{FAE04EC0-301F-11D3-BF4B-00C04F79EFBC}") = "RepositoryPattern", "RepositoryPattern\RepositoryPattern.csproj", "{FDD94810-6420-419E-A838-766548B7B1C1}"
EndProject
Global
	GlobalSection(SolutionConfigurationPlatforms) = preSolution
		Debug|Any CPU = Debug|Any CPU
		Release|Any CPU = Release|Any CPU
	EndGlobalSection
	GlobalSection(ProjectConfigurationPlatforms) = postSolution
		{97B88AE9-EA91-43C3-AE26-2923D02C9394}.Debug|Any CPU.ActiveCfg = Debug|Any CPU
		{97B88AE9-EA91-43C3-AE26-2923D02C9394}.Debug|Any CPU.Build.0 = Debug|Any CPU
		{97B88AE9-EA91-43C3-AE26-2923D02C9394}.Release|Any CPU.ActiveCfg = Release|Any CPU
		{97B88AE9-EA91-43C3-AE26-2923D02C9394}.Release|Any CPU.Build.0 = Release|Any CPU
		{FDD94810-6420-419E-A838-766548B7B1C1}.Debug|Any CPU.ActiveCfg = Debug|Any CPU
		{FDD94810-6420-419E-A838-766548B7B1C1}.Debug|Any CPU.Build.0 = Debug|Any CPU
		{FDD94810-6420-419E-A838-766548B7B1C1}.Release|Any CPU.ActiveCfg = Release|Any CPU
		{FDD94810-6420-419E-A838-766548B7B1C1}.Release|Any CPU.Build.0 = Release|Any CPU
	EndGlobalSection
	GlobalSection(SolutionProperties) = preSolution
		HideSolutionNode = FALSE
	EndGlobalSection
	GlobalSection(ExtensibilityGlobals) = postSolution
		SolutionGuid = {F6BBF61C-D832-476F-BACF-223CA89EF272}
	EndGlobalSection
EndGlobal
