
Microsoft Visual Studio Solution File, Format Version 12.00
# Visual Studio 15
VisualStudioVersion = 15.0.28307.329
MinimumVisualStudioVersion = 10.0.40219.1
Project("{FAE04EC0-301F-11D3-BF4B-00C04F79EFBC}") = "RepositoryPattern", "RepositoryPattern\RepositoryPattern.csproj", "{FDD94810-6420-419E-A838-766548B7B1C1}"
EndProject
Project("{FAE04EC0-301F-11D3-BF4B-00C04F79EFBC}") = "OOP.Console", "OOP.Console\OOP.Console.csproj", "{02BA0EC4-5D63-4ED8-96D7-7F7ECFD1B627}"
EndProject
Global
	GlobalSection(SolutionConfigurationPlatforms) = preSolution
		Debug|Any CPU = Debug|Any CPU
		Release|Any CPU = Release|Any CPU
	EndGlobalSection
	GlobalSection(ProjectConfigurationPlatforms) = postSolution
		{FDD94810-6420-419E-A838-766548B7B1C1}.Debug|Any CPU.ActiveCfg = Debug|Any CPU
		{FDD94810-6420-419E-A838-766548B7B1C1}.Debug|Any CPU.Build.0 = Debug|Any CPU
		{FDD94810-6420-419E-A838-766548B7B1C1}.Release|Any CPU.ActiveCfg = Release|Any CPU
		{FDD94810-6420-419E-A838-766548B7B1C1}.Release|Any CPU.Build.0 = Release|Any CPU
		{02BA0EC4-5D63-4ED8-96D7-7F7ECFD1B627}.Debug|Any CPU.ActiveCfg = Debug|Any CPU
		{02BA0EC4-5D63-4ED8-96D7-7F7ECFD1B627}.Debug|Any CPU.Build.0 = Debug|Any CPU
		{02BA0EC4-5D63-4ED8-96D7-7F7ECFD1B627}.Release|Any CPU.ActiveCfg = Release|Any CPU
		{02BA0EC4-5D63-4ED8-96D7-7F7ECFD1B627}.Release|Any CPU.Build.0 = Release|Any CPU
	EndGlobalSection
	GlobalSection(SolutionProperties) = preSolution
		HideSolutionNode = FALSE
	EndGlobalSection
	GlobalSection(ExtensibilityGlobals) = postSolution
		SolutionGuid = {F6BBF61C-D832-476F-BACF-223CA89EF272}
	EndGlobalSection
EndGlobal
